
Microsoft Visual Studio Solution File, Format Version 12.00
# Visual Studio Version 17
VisualStudioVersion = 17.13.35931.197 d17.13
MinimumVisualStudioVersion = 10.0.40219.1
Project("{FAE04EC0-301F-11D3-BF4B-00C04F79EFBC}") = "DemoRedis", "DemoRedis.csproj", "{B4496840-6B16-4DF1-BBD7-B1317056D830}"
EndProject
Global
	GlobalSection(SolutionConfigurationPlatforms) = preSolution
		Debug|Any CPU = Debug|Any CPU
		Release|Any CPU = Release|Any CPU
	EndGlobalSection
	GlobalSection(ProjectConfigurationPlatforms) = postSolution
		{B4496840-6B16-4DF1-BBD7-B1317056D830}.Debug|Any CPU.ActiveCfg = Debug|Any CPU
		{B4496840-6B16-4DF1-BBD7-B1317056D830}.Debug|Any CPU.Build.0 = Debug|Any CPU
		{B4496840-6B16-4DF1-BBD7-B1317056D830}.Release|Any CPU.ActiveCfg = Release|Any CPU
		{B4496840-6B16-4DF1-BBD7-B1317056D830}.Release|Any CPU.Build.0 = Release|Any CPU
	EndGlobalSection
	GlobalSection(SolutionProperties) = preSolution
		HideSolutionNode = FALSE
	EndGlobalSection
	GlobalSection(ExtensibilityGlobals) = postSolution
		SolutionGuid = {87613A74-8CEF-4A40-A0E8-A9F833454E7E}
	EndGlobalSection
EndGlobal
